// !$*UTF8*$!
{
	archiveVersion = 1;
	classes = {
	};
	objectVersion = 48;
	objects = {

/* Begin PBXBuildFile section */
		30FAC1B61F9CEE01004B7759 /* AppDelegate.m in Sources */ = {isa = PBXBuildFile; fileRef = 30FAC1B51F9CEE01004B7759 /* AppDelegate.m */; };
		30FAC1BC1F9CEE01004B7759 /* Main.storyboard in Resources */ = {isa = PBXBuildFile; fileRef = 30FAC1BA1F9CEE01004B7759 /* Main.storyboard */; };
		30FAC1BE1F9CEE01004B7759 /* Assets.xcassets in Resources */ = {isa = PBXBuildFile; fileRef = 30FAC1BD1F9CEE01004B7759 /* Assets.xcassets */; };
		30FAC1C11F9CEE01004B7759 /* LaunchScreen.storyboard in Resources */ = {isa = PBXBuildFile; fileRef = 30FAC1BF1F9CEE01004B7759 /* LaunchScreen.storyboard */; };
		30FAC1C41F9CEE01004B7759 /* main.m in Sources */ = {isa = PBXBuildFile; fileRef = 30FAC1C31F9CEE01004B7759 /* main.m */; };
		30FAC1CE1F9CEE1B004B7759 /* AWESegmentControl.m in Sources */ = {isa = PBXBuildFile; fileRef = 30FAC1CA1F9CEE1A004B7759 /* AWESegmentControl.m */; };
		30FAC1CF1F9CEE1B004B7759 /* AWESegmentControlItem.m in Sources */ = {isa = PBXBuildFile; fileRef = 30FAC1CD1F9CEE1B004B7759 /* AWESegmentControlItem.m */; };
		30FAC1D21F9CEE27004B7759 /* ViewController.m in Sources */ = {isa = PBXBuildFile; fileRef = 30FAC1D11F9CEE27004B7759 /* ViewController.m */; };
		A9708D6516376FDF4C4BB4ED /* libPods-test.a in Frameworks */ = {isa = PBXBuildFile; fileRef = F8219D9F093955458A1C8942 /* libPods-test.a */; };
/* End PBXBuildFile section */

/* Begin PBXFileReference section */
		10BD70C6884C1D24187497B8 /* Pods-test.debug.xcconfig */ = {isa = PBXFileReference; includeInIndex = 1; lastKnownFileType = text.xcconfig; name = "Pods-test.debug.xcconfig"; path = "Pods/Target Support Files/Pods-test/Pods-test.debug.xcconfig"; sourceTree = "<group>"; };
		30FAC1B11F9CEE01004B7759 /* test.app */ = {isa = PBXFileReference; explicitFileType = wrapper.application; includeInIndex = 0; path = test.app; sourceTree = BUILT_PRODUCTS_DIR; };
		30FAC1B41F9CEE01004B7759 /* AppDelegate.h */ = {isa = PBXFileReference; lastKnownFileType = sourcecode.c.h; path = AppDelegate.h; sourceTree = "<group>"; };
		30FAC1B51F9CEE01004B7759 /* AppDelegate.m */ = {isa = PBXFileReference; lastKnownFileType = sourcecode.c.objc; path = AppDelegate.m; sourceTree = "<group>"; };
		30FAC1BB1F9CEE01004B7759 /* Base */ = {isa = PBXFileReference; lastKnownFileType = file.storyboard; name = Base; path = Base.lproj/Main.storyboard; sourceTree = "<group>"; };
		30FAC1BD1F9CEE01004B7759 /* Assets.xcassets */ = {isa = PBXFileReference; lastKnownFileType = folder.assetcatalog; path = Assets.xcassets; sourceTree = "<group>"; };
		30FAC1C01F9CEE01004B7759 /* Base */ = {isa = PBXFileReference; lastKnownFileType = file.storyboard; name = Base; path = Base.lproj/LaunchScreen.storyboard; sourceTree = "<group>"; };
		30FAC1C21F9CEE01004B7759 /* Info.plist */ = {isa = PBXFileReference; lastKnownFileType = text.plist.xml; path = Info.plist; sourceTree = "<group>"; };
		30FAC1C31F9CEE01004B7759 /* main.m */ = {isa = PBXFileReference; lastKnownFileType = sourcecode.c.objc; path = main.m; sourceTree = "<group>"; };
		30FAC1CA1F9CEE1A004B7759 /* AWESegmentControl.m */ = {isa = PBXFileReference; lastKnownFileType = sourcecode.c.objc; path = AWESegmentControl.m; sourceTree = "<group>"; };
		30FAC1CB1F9CEE1A004B7759 /* AWESegmentControlItem.h */ = {isa = PBXFileReference; lastKnownFileType = sourcecode.c.h; path = AWESegmentControlItem.h; sourceTree = "<group>"; };
		30FAC1CC1F9CEE1B004B7759 /* AWESegmentControl.h */ = {isa = PBXFileReference; lastKnownFileType = sourcecode.c.h; path = AWESegmentControl.h; sourceTree = "<group>"; };
		30FAC1CD1F9CEE1B004B7759 /* AWESegmentControlItem.m */ = {isa = PBXFileReference; lastKnownFileType = sourcecode.c.objc; path = AWESegmentControlItem.m; sourceTree = "<group>"; };
		30FAC1D01F9CEE27004B7759 /* ViewController.h */ = {isa = PBXFileReference; lastKnownFileType = sourcecode.c.h; path = ViewController.h; sourceTree = "<group>"; };
		30FAC1D11F9CEE27004B7759 /* ViewController.m */ = {isa = PBXFileReference; lastKnownFileType = sourcecode.c.objc; path = ViewController.m; sourceTree = "<group>"; };
		BDBDAB5A15CDCA1F6B8115F4 /* Pods-test.release.xcconfig */ = {isa = PBXFileReference; includeInIndex = 1; lastKnownFileType = text.xcconfig; name = "Pods-test.release.xcconfig"; path = "Pods/Target Support Files/Pods-test/Pods-test.release.xcconfig"; sourceTree = "<group>"; };
		F8219D9F093955458A1C8942 /* libPods-test.a */ = {isa = PBXFileReference; explicitFileType = archive.ar; includeInIndex = 0; path = "libPods-test.a"; sourceTree = BUILT_PRODUCTS_DIR; };
/* End PBXFileReference section */

/* Begin PBXFrameworksBuildPhase section */
		30FAC1AE1F9CEE01004B7759 /* Frameworks */ = {
			isa = PBXFrameworksBuildPhase;
			buildActionMask = 2147483647;
			files = (
				A9708D6516376FDF4C4BB4ED /* libPods-test.a in Frameworks */,
			);
			runOnlyForDeploymentPostprocessing = 0;
		};
/* End PBXFrameworksBuildPhase section */

/* Begin PBXGroup section */
		30FAC1A81F9CEE01004B7759 = {
			isa = PBXGroup;
			children = (
				30FAC1B31F9CEE01004B7759 /* test */,
				30FAC1B21F9CEE01004B7759 /* Products */,
				CACF4A115FF8D3771B13B7C9 /* Pods */,
				DEEACEFAD5CC79F3A1566F88 /* Frameworks */,
			);
			sourceTree = "<group>";
		};
		30FAC1B21F9CEE01004B7759 /* Products */ = {
			isa = PBXGroup;
			children = (
				30FAC1B11F9CEE01004B7759 /* test.app */,
			);
			name = Products;
			sourceTree = "<group>";
		};
		30FAC1B31F9CEE01004B7759 /* test */ = {
			isa = PBXGroup;
			children = (
				30FAC1D01F9CEE27004B7759 /* ViewController.h */,
				30FAC1D11F9CEE27004B7759 /* ViewController.m */,
				30FAC1CC1F9CEE1B004B7759 /* AWESegmentControl.h */,
				30FAC1CA1F9CEE1A004B7759 /* AWESegmentControl.m */,
				30FAC1CB1F9CEE1A004B7759 /* AWESegmentControlItem.h */,
				30FAC1CD1F9CEE1B004B7759 /* AWESegmentControlItem.m */,
				30FAC1B41F9CEE01004B7759 /* AppDelegate.h */,
				30FAC1B51F9CEE01004B7759 /* AppDelegate.m */,
				30FAC1BA1F9CEE01004B7759 /* Main.storyboard */,
				30FAC1BD1F9CEE01004B7759 /* Assets.xcassets */,
				30FAC1BF1F9CEE01004B7759 /* LaunchScreen.storyboard */,
				30FAC1C21F9CEE01004B7759 /* Info.plist */,
				30FAC1C31F9CEE01004B7759 /* main.m */,
			);
			path = test;
			sourceTree = "<group>";
		};
		CACF4A115FF8D3771B13B7C9 /* Pods */ = {
			isa = PBXGroup;
			children = (
				10BD70C6884C1D24187497B8 /* Pods-test.debug.xcconfig */,
				BDBDAB5A15CDCA1F6B8115F4 /* Pods-test.release.xcconfig */,
			);
			name = Pods;
			sourceTree = "<group>";
		};
		DEEACEFAD5CC79F3A1566F88 /* Frameworks */ = {
			isa = PBXGroup;
			children = (
				F8219D9F093955458A1C8942 /* libPods-test.a */,
			);
			name = Frameworks;
			sourceTree = "<group>";
		};
/* End PBXGroup section */

/* Begin PBXNativeTarget section */
		30FAC1B01F9CEE01004B7759 /* test */ = {
			isa = PBXNativeTarget;
			buildConfigurationList = 30FAC1C71F9CEE01004B7759 /* Build configuration list for PBXNativeTarget "test" */;
			buildPhases = (
				176140876839DAFED90F0593 /* [CP] Check Pods Manifest.lock */,
				30FAC1AD1F9CEE01004B7759 /* Sources */,
				30FAC1AE1F9CEE01004B7759 /* Frameworks */,
				30FAC1AF1F9CEE01004B7759 /* Resources */,
				932F9509B5C34FF93A6E36BC /* [CP] Embed Pods Frameworks */,
				5D3482D50A6D20832655443B /* [CP] Copy Pods Resources */,
			);
			buildRules = (
			);
			dependencies = (
			);
			name = test;
			productName = test;
			productReference = 30FAC1B11F9CEE01004B7759 /* test.app */;
			productType = "com.apple.product-type.application";
		};
/* End PBXNativeTarget section */

/* Begin PBXProject section */
		30FAC1A91F9CEE01004B7759 /* Project object */ = {
			isa = PBXProject;
			attributes = {
				LastUpgradeCheck = 0900;
				ORGANIZATIONNAME = "王霄";
				TargetAttributes = {
					30FAC1B01F9CEE01004B7759 = {
						CreatedOnToolsVersion = 9.0;
						ProvisioningStyle = Automatic;
					};
				};
			};
			buildConfigurationList = 30FAC1AC1F9CEE01004B7759 /* Build configuration list for PBXProject "test" */;
			compatibilityVersion = "Xcode 8.0";
			developmentRegion = en;
			hasScannedForEncodings = 0;
			knownRegions = (
				en,
				Base,
			);
			mainGroup = 30FAC1A81F9CEE01004B7759;
			productRefGroup = 30FAC1B21F9CEE01004B7759 /* Products */;
			projectDirPath = "";
			projectRoot = "";
			targets = (
				30FAC1B01F9CEE01004B7759 /* test */,
			);
		};
/* End PBXProject section */

/* Begin PBXResourcesBuildPhase section */
		30FAC1AF1F9CEE01004B7759 /* Resources */ = {
			isa = PBXResourcesBuildPhase;
			buildActionMask = 2147483647;
			files = (
				30FAC1C11F9CEE01004B7759 /* LaunchScreen.storyboard in Resources */,
				30FAC1BE1F9CEE01004B7759 /* Assets.xcassets in Resources */,
				30FAC1BC1F9CEE01004B7759 /* Main.storyboard in Resources */,
			);
			runOnlyForDeploymentPostprocessing = 0;
		};
/* End PBXResourcesBuildPhase section */

/* Begin PBXShellScriptBuildPhase section */
		176140876839DAFED90F0593 /* [CP] Check Pods Manifest.lock */ = {
			isa = PBXShellScriptBuildPhase;
			buildActionMask = 2147483647;
			files = (
			);
			inputPaths = (
				"${PODS_PODFILE_DIR_PATH}/Podfile.lock",
				"${PODS_ROOT}/Manifest.lock",
			);
			name = "[CP] Check Pods Manifest.lock";
			outputPaths = (
				"$(DERIVED_FILE_DIR)/Pods-test-checkManifestLockResult.txt",
			);
			runOnlyForDeploymentPostprocessing = 0;
			shellPath = /bin/sh;
			shellScript = "diff \"${PODS_PODFILE_DIR_PATH}/Podfile.lock\" \"${PODS_ROOT}/Manifest.lock\" > /dev/null\nif [ $? != 0 ] ; then\n    # print error to STDERR\n    echo \"error: The sandbox is not in sync with the Podfile.lock. Run 'pod install' or update your CocoaPods installation.\" >&2\n    exit 1\nfi\n# This output is used by Xcode 'outputs' to avoid re-running this script phase.\necho \"SUCCESS\" > \"${SCRIPT_OUTPUT_FILE_0}\"\n";
			showEnvVarsInLog = 0;
		};
		5D3482D50A6D20832655443B /* [CP] Copy Pods Resources */ = {
			isa = PBXShellScriptBuildPhase;
			buildActionMask = 2147483647;
			files = (
			);
			inputPaths = (
			);
			name = "[CP] Copy Pods Resources";
			outputPaths = (
			);
			runOnlyForDeploymentPostprocessing = 0;
			shellPath = /bin/sh;
			shellScript = "\"${SRCROOT}/Pods/Target Support Files/Pods-test/Pods-test-resources.sh\"\n";
			showEnvVarsInLog = 0;
		};
		932F9509B5C34FF93A6E36BC /* [CP] Embed Pods Frameworks */ = {
			isa = PBXShellScriptBuildPhase;
			buildActionMask = 2147483647;
			files = (
			);
			inputPaths = (
			);
			name = "[CP] Embed Pods Frameworks";
			outputPaths = (
			);
			runOnlyForDeploymentPostprocessing = 0;
			shellPath = /bin/sh;
			shellScript = "\"${SRCROOT}/Pods/Target Support Files/Pods-test/Pods-test-frameworks.sh\"\n";
			showEnvVarsInLog = 0;
		};
/* End PBXShellScriptBuildPhase section */

/* Begin PBXSourcesBuildPhase section */
		30FAC1AD1F9CEE01004B7759 /* Sources */ = {
			isa = PBXSourcesBuildPhase;
			buildActionMask = 2147483647;
			files = (
				30FAC1CF1F9CEE1B004B7759 /* AWESegmentControlItem.m in Sources */,
				30FAC1C41F9CEE01004B7759 /* main.m in Sources */,
				30FAC1B61F9CEE01004B7759 /* AppDelegate.m in Sources */,
				30FAC1CE1F9CEE1B004B7759 /* AWESegmentControl.m in Sources */,
				30FAC1D21F9CEE27004B7759 /* ViewController.m in Sources */,
			);
			runOnlyForDeploymentPostprocessing = 0;
		};
/* End PBXSourcesBuildPhase section */

/* Begin PBXVariantGroup section */
		30FAC1BA1F9CEE01004B7759 /* Main.storyboard */ = {
			isa = PBXVariantGroup;
			children = (
				30FAC1BB1F9CEE01004B7759 /* Base */,
			);
			name = Main.storyboard;
			sourceTree = "<group>";
		};
		30FAC1BF1F9CEE01004B7759 /* LaunchScreen.storyboard */ = {
			isa = PBXVariantGroup;
			children = (
				30FAC1C01F9CEE01004B7759 /* Base */,
			);
			name = LaunchScreen.storyboard;
			sourceTree = "<group>";
		};
/* End PBXVariantGroup section */

/* Begin XCBuildConfiguration section */
		30FAC1C51F9CEE01004B7759 /* Debug */ = {
			isa = XCBuildConfiguration;
			buildSettings = {
				ALWAYS_SEARCH_USER_PATHS = NO;
				CLANG_ANALYZER_NONNULL = YES;
				CLANG_ANALYZER_NUMBER_OBJECT_CONVERSION = YES_AGGRESSIVE;
				CLANG_CXX_LANGUAGE_STANDARD = "gnu++14";
				CLANG_CXX_LIBRARY = "libc++";
				CLANG_ENABLE_MODULES = YES;
				CLANG_ENABLE_OBJC_ARC = YES;
				CLANG_WARN_BLOCK_CAPTURE_AUTORELEASING = YES;
				CLANG_WARN_BOOL_CONVERSION = YES;
				CLANG_WARN_COMMA = YES;
				CLANG_WARN_CONSTANT_CONVERSION = YES;
				CLANG_WARN_DIRECT_OBJC_ISA_USAGE = YES_ERROR;
				CLANG_WARN_DOCUMENTATION_COMMENTS = YES;
				CLANG_WARN_EMPTY_BODY = YES;
				CLANG_WARN_ENUM_CONVERSION = YES;
				CLANG_WARN_INFINITE_RECURSION = YES;
				CLANG_WARN_INT_CONVERSION = YES;
				CLANG_WARN_NON_LITERAL_NULL_CONVERSION = YES;
				CLANG_WARN_OBJC_LITERAL_CONVERSION = YES;
				CLANG_WARN_OBJC_ROOT_CLASS = YES_ERROR;
				CLANG_WARN_RANGE_LOOP_ANALYSIS = YES;
				CLANG_WARN_STRICT_PROTOTYPES = YES;
				CLANG_WARN_SUSPICIOUS_MOVE = YES;
				CLANG_WARN_UNGUARDED_AVAILABILITY = YES_AGGRESSIVE;
				CLANG_WARN_UNREACHABLE_CODE = YES;
				CLANG_WARN__DUPLICATE_METHOD_MATCH = YES;
				CODE_SIGN_IDENTITY = "iPhone Developer";
				COPY_PHASE_STRIP = NO;
				DEBUG_INFORMATION_FORMAT = dwarf;
				ENABLE_STRICT_OBJC_MSGSEND = YES;
				ENABLE_TESTABILITY = YES;
				GCC_C_LANGUAGE_STANDARD = gnu11;
				GCC_DYNAMIC_NO_PIC = NO;
				GCC_NO_COMMON_BLOCKS = YES;
				GCC_OPTIMIZATION_LEVEL = 0;
				GCC_PREPROCESSOR_DEFINITIONS = (
					"DEBUG=1",
					"$(inherited)",
				);
				GCC_WARN_64_TO_32_BIT_CONVERSION = YES;
				GCC_WARN_ABOUT_RETURN_TYPE = YES_ERROR;
				GCC_WARN_UNDECLARED_SELECTOR = YES;
				GCC_WARN_UNINITIALIZED_AUTOS = YES_AGGRESSIVE;
				GCC_WARN_UNUSED_FUNCTION = YES;
				GCC_WARN_UNUSED_VARIABLE = YES;
				IPHONEOS_DEPLOYMENT_TARGET = 11.0;
				MTL_ENABLE_DEBUG_INFO = YES;
				ONLY_ACTIVE_ARCH = YES;
				SDKROOT = iphoneos;
			};
			name = Debug;
		};
		30FAC1C61F9CEE01004B7759 /* Release */ = {
			isa = XCBuildConfiguration;
			buildSettings = {
				ALWAYS_SEARCH_USER_PATHS = NO;
				CLANG_ANALYZER_NONNULL = YES;
				CLANG_ANALYZER_NUMBER_OBJECT_CONVERSION = YES_AGGRESSIVE;
				CLANG_CXX_LANGUAGE_STANDARD = "gnu++14";
				CLANG_CXX_LIBRARY = "libc++";
				CLANG_ENABLE_MODULES = YES;
				CLANG_ENABLE_OBJC_ARC = YES;
				CLANG_WARN_BLOCK_CAPTURE_AUTORELEASING = YES;
				CLANG_WARN_BOOL_CONVERSION = YES;
				CLANG_WARN_COMMA = YES;
				CLANG_WARN_CONSTANT_CONVERSION = YES;
				CLANG_WARN_DIRECT_OBJC_ISA_USAGE = YES_ERROR;
				CLANG_WARN_DOCUMENTATION_COMMENTS = YES;
				CLANG_WARN_EMPTY_BODY = YES;
				CLANG_WARN_ENUM_CONVERSION = YES;
				CLANG_WARN_INFINITE_RECURSION = YES;
				CLANG_WARN_INT_CONVERSION = YES;
				CLANG_WARN_NON_LITERAL_NULL_CONVERSION = YES;
				CLANG_WARN_OBJC_LITERAL_CONVERSION = YES;
				CLANG_WARN_OBJC_ROOT_CLASS = YES_ERROR;
				CLANG_WARN_RANGE_LOOP_ANALYSIS = YES;
				CLANG_WARN_STRICT_PROTOTYPES = YES;
				CLANG_WARN_SUSPICIOUS_MOVE = YES;
				CLANG_WARN_UNGUARDED_AVAILABILITY = YES_AGGRESSIVE;
				CLANG_WARN_UNREACHABLE_CODE = YES;
				CLANG_WARN__DUPLICATE_METHOD_MATCH = YES;
				CODE_SIGN_IDENTITY = "iPhone Developer";
				COPY_PHASE_STRIP = NO;
				DEBUG_INFORMATION_FORMAT = "dwarf-with-dsym";
				ENABLE_NS_ASSERTIONS = NO;
				ENABLE_STRICT_OBJC_MSGSEND = YES;
				GCC_C_LANGUAGE_STANDARD = gnu11;
				GCC_NO_COMMON_BLOCKS = YES;
				GCC_WARN_64_TO_32_BIT_CONVERSION = YES;
				GCC_WARN_ABOUT_RETURN_TYPE = YES_ERROR;
				GCC_WARN_UNDECLARED_SELECTOR = YES;
				GCC_WARN_UNINITIALIZED_AUTOS = YES_AGGRESSIVE;
				GCC_WARN_UNUSED_FUNCTION = YES;
				GCC_WARN_UNUSED_VARIABLE = YES;
				IPHONEOS_DEPLOYMENT_TARGET = 11.0;
				MTL_ENABLE_DEBUG_INFO = NO;
				SDKROOT = iphoneos;
				VALIDATE_PRODUCT = YES;
			};
			name = Release;
		};
		30FAC1C81F9CEE01004B7759 /* Debug */ = {
			isa = XCBuildConfiguration;
			baseConfigurationReference = 10BD70C6884C1D24187497B8 /* Pods-test.debug.xcconfig */;
			buildSettings = {
				ASSETCATALOG_COMPILER_APPICON_NAME = AppIcon;
				CODE_SIGN_STYLE = Automatic;
				INFOPLIST_FILE = test/Info.plist;
				LD_RUNPATH_SEARCH_PATHS = "$(inherited) @executable_path/Frameworks";
				PRODUCT_BUNDLE_IDENTIFIER = wangxiaobupt.github.test;
				PRODUCT_NAME = "$(TARGET_NAME)";
				TARGETED_DEVICE_FAMILY = "1,2";
			};
			name = Debug;
		};
		30FAC1C91F9CEE01004B7759 /* Release */ = {
			isa = XCBuildConfiguration;
			baseConfigurationReference = BDBDAB5A15CDCA1F6B8115F4 /* Pods-test.release.xcconfig */;
			buildSettings = {
				ASSETCATALOG_COMPILER_APPICON_NAME = AppIcon;
				CODE_SIGN_STYLE = Automatic;
				INFOPLIST_FILE = test/Info.plist;
				LD_RUNPATH_SEARCH_PATHS = "$(inherited) @executable_path/Frameworks";
				PRODUCT_BUNDLE_IDENTIFIER = wangxiaobupt.github.test;
				PRODUCT_NAME = "$(TARGET_NAME)";
				TARGETED_DEVICE_FAMILY = "1,2";
			};
			name = Release;
		};
/* End XCBuildConfiguration section */

/* Begin XCConfigurationList section */
		30FAC1AC1F9CEE01004B7759 /* Build configuration list for PBXProject "test" */ = {
			isa = XCConfigurationList;
			buildConfigurations = (
				30FAC1C51F9CEE01004B7759 /* Debug */,
				30FAC1C61F9CEE01004B7759 /* Release */,
			);
			defaultConfigurationIsVisible = 0;
			defaultConfigurationName = Release;
		};
		30FAC1C71F9CEE01004B7759 /* Build configuration list for PBXNativeTarget "test" */ = {
			isa = XCConfigurationList;
			buildConfigurations = (
				30FAC1C81F9CEE01004B7759 /* Debug */,
				30FAC1C91F9CEE01004B7759 /* Release */,
			);
			defaultConfigurationIsVisible = 0;
			defaultConfigurationName = Release;
		};
/* End XCConfigurationList section */
	};
	rootObject = 30FAC1A91F9CEE01004B7759 /* Project object */;
}
